
Microsoft Visual Studio Solution File, Format Version 12.00
# Visual Studio Version 17
VisualStudioVersion = 17.3.32825.248
MinimumVisualStudioVersion = 10.0.40219.1
Project("{FAE04EC0-301F-11D3-BF4B-00C04F79EFBC}") = "CAPA_DATOS", "CAPA_DATPS\CAPA_DATOS.csproj", "{48316E7E-B63F-4A46-A3EC-F542AE5852D2}"
EndProject
Project("{FAE04EC0-301F-11D3-BF4B-00C04F79EFBC}") = "CAPA_NEGOCIO", "CAPA_NEGOCIO\CAPA_NEGOCIO.csproj", "{CEC10FFF-22CC-46EB-83D0-2AC840C4DF26}"
EndProject
Project("{FAE04EC0-301F-11D3-BF4B-00C04F79EFBC}") = "UI", "UI\UI.csproj", "{07BAE2E5-2770-4C65-89FB-BB8394D37B92}"
EndProject
Global
	GlobalSection(SolutionConfigurationPlatforms) = preSolution
		Debug|Any CPU = Debug|Any CPU
		Release|Any CPU = Release|Any CPU
	EndGlobalSection
	GlobalSection(ProjectConfigurationPlatforms) = postSolution
		{48316E7E-B63F-4A46-A3EC-F542AE5852D2}.Debug|Any CPU.ActiveCfg = Debug|Any CPU
		{48316E7E-B63F-4A46-A3EC-F542AE5852D2}.Debug|Any CPU.Build.0 = Debug|Any CPU
		{48316E7E-B63F-4A46-A3EC-F542AE5852D2}.Release|Any CPU.ActiveCfg = Release|Any CPU
		{48316E7E-B63F-4A46-A3EC-F542AE5852D2}.Release|Any CPU.Build.0 = Release|Any CPU
		{CEC10FFF-22CC-46EB-83D0-2AC840C4DF26}.Debug|Any CPU.ActiveCfg = Debug|Any CPU
		{CEC10FFF-22CC-46EB-83D0-2AC840C4DF26}.Debug|Any CPU.Build.0 = Debug|Any CPU
		{CEC10FFF-22CC-46EB-83D0-2AC840C4DF26}.Release|Any CPU.ActiveCfg = Release|Any CPU
		{CEC10FFF-22CC-46EB-83D0-2AC840C4DF26}.Release|Any CPU.Build.0 = Release|Any CPU
		{07BAE2E5-2770-4C65-89FB-BB8394D37B92}.Debug|Any CPU.ActiveCfg = Debug|Any CPU
		{07BAE2E5-2770-4C65-89FB-BB8394D37B92}.Debug|Any CPU.Build.0 = Debug|Any CPU
		{07BAE2E5-2770-4C65-89FB-BB8394D37B92}.Release|Any CPU.ActiveCfg = Release|Any CPU
		{07BAE2E5-2770-4C65-89FB-BB8394D37B92}.Release|Any CPU.Build.0 = Release|Any CPU
	EndGlobalSection
	GlobalSection(SolutionProperties) = preSolution
		HideSolutionNode = FALSE
	EndGlobalSection
	GlobalSection(ExtensibilityGlobals) = postSolution
		SolutionGuid = {1398C10E-1CBC-4009-98A9-E50A2C32BF34}
	EndGlobalSection
EndGlobal
